
Microsoft Visual Studio Solution File, Format Version 12.00
# Visual Studio Version 16
VisualStudioVersion = 16.0.30717.126
MinimumVisualStudioVersion = 10.0.40219.1
Project("{FAE04EC0-301F-11D3-BF4B-00C04F79EFBC}") = "SampleShop.ProductManagement.Api", "SampleShop.ProductManagement.Api\SampleShop.ProductManagement.Api.csproj", "{F718CFBB-7B4C-4D5E-BE26-3F5E03ABDCBE}"
EndProject
Project("{FAE04EC0-301F-11D3-BF4B-00C04F79EFBC}") = "SampleShop.ProductManagement.UnitTests", "SampleShop.ProductManagement.UnitTests\SampleShop.ProductManagement.UnitTests.csproj", "{A8B529C1-FFEA-4E0A-BC6E-66B68041CBF7}"
EndProject
Project("{FAE04EC0-301F-11D3-BF4B-00C04F79EFBC}") = "SampleShop.ProductManagement.Services", "SampleShop.ProductManagement.Services\SampleShop.ProductManagement.Services.csproj", "{C34866B9-3538-4B80-AE8D-E8E744B410F0}"
EndProject
Project("{FAE04EC0-301F-11D3-BF4B-00C04F79EFBC}") = "SampleShop.ProductManagement.Models", "SampleShop.ProductManagement.Models\SampleShop.ProductManagement.Models.csproj", "{8EB6C260-F9F5-4C1C-A3F4-4A4BEFD15153}"
EndProject
Global
	GlobalSection(SolutionConfigurationPlatforms) = preSolution
		Debug|Any CPU = Debug|Any CPU
		Release|Any CPU = Release|Any CPU
	EndGlobalSection
	GlobalSection(ProjectConfigurationPlatforms) = postSolution
		{F718CFBB-7B4C-4D5E-BE26-3F5E03ABDCBE}.Debug|Any CPU.ActiveCfg = Debug|Any CPU
		{F718CFBB-7B4C-4D5E-BE26-3F5E03ABDCBE}.Debug|Any CPU.Build.0 = Debug|Any CPU
		{F718CFBB-7B4C-4D5E-BE26-3F5E03ABDCBE}.Release|Any CPU.ActiveCfg = Release|Any CPU
		{F718CFBB-7B4C-4D5E-BE26-3F5E03ABDCBE}.Release|Any CPU.Build.0 = Release|Any CPU
		{A8B529C1-FFEA-4E0A-BC6E-66B68041CBF7}.Debug|Any CPU.ActiveCfg = Debug|Any CPU
		{A8B529C1-FFEA-4E0A-BC6E-66B68041CBF7}.Debug|Any CPU.Build.0 = Debug|Any CPU
		{A8B529C1-FFEA-4E0A-BC6E-66B68041CBF7}.Release|Any CPU.ActiveCfg = Release|Any CPU
		{A8B529C1-FFEA-4E0A-BC6E-66B68041CBF7}.Release|Any CPU.Build.0 = Release|Any CPU
		{C34866B9-3538-4B80-AE8D-E8E744B410F0}.Debug|Any CPU.ActiveCfg = Debug|Any CPU
		{C34866B9-3538-4B80-AE8D-E8E744B410F0}.Debug|Any CPU.Build.0 = Debug|Any CPU
		{C34866B9-3538-4B80-AE8D-E8E744B410F0}.Release|Any CPU.ActiveCfg = Release|Any CPU
		{C34866B9-3538-4B80-AE8D-E8E744B410F0}.Release|Any CPU.Build.0 = Release|Any CPU
		{8EB6C260-F9F5-4C1C-A3F4-4A4BEFD15153}.Debug|Any CPU.ActiveCfg = Debug|Any CPU
		{8EB6C260-F9F5-4C1C-A3F4-4A4BEFD15153}.Debug|Any CPU.Build.0 = Debug|Any CPU
		{8EB6C260-F9F5-4C1C-A3F4-4A4BEFD15153}.Release|Any CPU.ActiveCfg = Release|Any CPU
		{8EB6C260-F9F5-4C1C-A3F4-4A4BEFD15153}.Release|Any CPU.Build.0 = Release|Any CPU
	EndGlobalSection
	GlobalSection(SolutionProperties) = preSolution
		HideSolutionNode = FALSE
	EndGlobalSection
	GlobalSection(ExtensibilityGlobals) = postSolution
		SolutionGuid = {9F8116A5-AE98-4245-AA66-E11357FB3DF9}
	EndGlobalSection
EndGlobal
